{
  "nodes": {
    "home-manager": {
      "inputs": {
        "nixpkgs": [
          "nixpkgs"
        ]
      },
      "locked": {
        "lastModified": 1701040754,
        "narHash": "sha256-rHld3E3CeVI/GUxH3xE+mqAo+IX2hTbXVfXKahCrG5I=",
        "owner": "nix-community",
        "repo": "home-manager",
        "rev": "7c97c46dc4f45f2a78df536a6ebe15252831b800",
        "type": "github"
      },
      "original": {
        "owner": "nix-community",
        "repo": "home-manager",
        "type": "github"
      }
    },
    "home-manager_2": {
      "inputs": {
        "nixpkgs": [
          "plasma-manager",
          "nixpkgs"
        ]
      },
      "locked": {
        "lastModified": 1654113405,
        "narHash": "sha256-VpK+0QaWG2JRgB00lw77N9TjkE3ec0iMYIX1TzGpxa4=",
        "owner": "nix-community",
        "repo": "home-manager",
        "rev": "ac2287df5a2d6f0a44bbcbd11701dbbf6ec43675",
        "type": "github"
      },
      "original": {
        "owner": "nix-community",
        "ref": "release-22.05",
        "repo": "home-manager",
        "type": "github"
      }
    },
    "nixpkgs": {
      "locked": {
        "lastModified": 1700794826,
        "narHash": "sha256-RyJTnTNKhO0yqRpDISk03I/4A67/dp96YRxc86YOPgU=",
        "owner": "nixos",
        "repo": "nixpkgs",
        "rev": "5a09cb4b393d58f9ed0d9ca1555016a8543c2ac8",
        "type": "github"
      },
      "original": {
        "owner": "nixos",
        "ref": "nixos-unstable",
        "repo": "nixpkgs",
        "type": "github"
      }
    },
    "nixpkgs-stable": {
      "locked": {
        "lastModified": 1700905716,
        "narHash": "sha256-w1vHn2MbGfdC+CrP3xLZ3scsI06N0iQLU7eTHIVEFGw=",
        "owner": "NixOS",
        "repo": "nixpkgs",
        "rev": "dfb95385d21475da10b63da74ae96d89ab352431",
        "type": "github"
      },
      "original": {
        "owner": "NixOS",
        "ref": "release-23.05",
        "repo": "nixpkgs",
        "type": "github"
      }
    },
    "nixpkgs_2": {
      "locked": {
        "lastModified": 1655643053,
        "narHash": "sha256-8PMDEr44DwH45PbBijtQcAPyC4Ap+sOO5wK0y5lFvyY=",
        "owner": "NixOS",
        "repo": "nixpkgs",
        "rev": "5afb1b7dcf46c4ded5719525a42879b35363862c",
        "type": "github"
      },
      "original": {
        "owner": "NixOS",
        "ref": "nixos-22.05",
        "repo": "nixpkgs",
        "type": "github"
      }
    },
    "nixpkgs_3": {
      "locked": {
        "lastModified": 1700856099,
        "narHash": "sha256-RnEA7iJ36Ay9jI0WwP+/y4zjEhmeN6Cjs9VOFBH7eVQ=",
        "owner": "NixOS",
        "repo": "nixpkgs",
        "rev": "0bd59c54ef06bc34eca01e37d689f5e46b3fe2f1",
        "type": "github"
      },
      "original": {
        "owner": "NixOS",
        "ref": "nixpkgs-unstable",
        "repo": "nixpkgs",
        "type": "github"
      }
    },
    "plasma-manager": {
      "inputs": {
        "home-manager": "home-manager_2",
        "nixpkgs": "nixpkgs_2"
      },
      "locked": {
        "lastModified": 1700267030,
        "narHash": "sha256-1ke+7xrkCVOI13RJ1w6EjCGcJywkN3bbTKbLWAt4jaE=",
        "owner": "pjones",
        "repo": "plasma-manager",
        "rev": "019a8fd22a26c8d59f63aa9cc8a9c1729d6ffbda",
        "type": "github"
      },
      "original": {
        "owner": "pjones",
        "repo": "plasma-manager",
        "type": "github"
      }
    },
    "root": {
      "inputs": {
        "home-manager": "home-manager",
        "nixpkgs": "nixpkgs",
        "plasma-manager": "plasma-manager",
        "sops-nix": "sops-nix"
      }
    },
    "sops-nix": {
      "inputs": {
        "nixpkgs": "nixpkgs_3",
        "nixpkgs-stable": "nixpkgs-stable"
      },
      "locked": {
        "lastModified": 1700967639,
        "narHash": "sha256-uuUwD/O1QcVk+TWPZFwl4ioUkC8iACj0jEXSyE/wGPI=",
        "owner": "mic92",
        "repo": "sops-nix",
        "rev": "4be58d802693d7def8622ff34d36714f8db40371",
        "type": "github"
      },
      "original": {
        "owner": "mic92",
        "repo": "sops-nix",
        "type": "github"
      }
    }
  },
  "root": "root",
  "version": 7
}
